// !$*UTF8*$!
{
	archiveVersion = 1;
	classes = {
	};
	objectVersion = 56;
	objects = {

/* Begin PBXBuildFile section */
		0CA87EE0C2302921245D1485 /* Pods_Login_System.framework in Frameworks */ = {isa = PBXBuildFile; fileRef = 838A489254F40B2249EE39CA /* Pods_Login_System.framework */; };
		711B8886291B70C700247A22 /* AlertManager .swift in Sources */ = {isa = PBXBuildFile; fileRef = 711B8885291B70C700247A22 /* AlertManager .swift */; };
		711B8888291B7BF500247A22 /* GoogleService-Info.plist in Resources */ = {isa = PBXBuildFile; fileRef = 711B8887291B7BF500247A22 /* GoogleService-Info.plist */; };
		71B0A4682912AA160018982C /* CustomButton.swift in Sources */ = {isa = PBXBuildFile; fileRef = 71B0A4672912AA160018982C /* CustomButton.swift */; };
		71EA4AD129123BDC0096B428 /* AppDelegate.swift in Sources */ = {isa = PBXBuildFile; fileRef = 71EA4AD029123BDC0096B428 /* AppDelegate.swift */; };
		71EA4AD329123BDC0096B428 /* SceneDelegate.swift in Sources */ = {isa = PBXBuildFile; fileRef = 71EA4AD229123BDC0096B428 /* SceneDelegate.swift */; };
		71EA4ADA29123BDD0096B428 /* Assets.xcassets in Resources */ = {isa = PBXBuildFile; fileRef = 71EA4AD929123BDD0096B428 /* Assets.xcassets */; };
		71EA4ADD29123BDD0096B428 /* LaunchScreen.storyboard in Resources */ = {isa = PBXBuildFile; fileRef = 71EA4ADB29123BDD0096B428 /* LaunchScreen.storyboard */; };
		71EA4AE629123F1F0096B428 /* ForgotPasswordController.swift in Sources */ = {isa = PBXBuildFile; fileRef = 71EA4AE529123F1F0096B428 /* ForgotPasswordController.swift */; };
		71EA4AE829123F3B0096B428 /* LoginController.swift in Sources */ = {isa = PBXBuildFile; fileRef = 71EA4AE729123F3B0096B428 /* LoginController.swift */; };
		71EA4AEA29123F690096B428 /* RegisterController.swift in Sources */ = {isa = PBXBuildFile; fileRef = 71EA4AE929123F690096B428 /* RegisterController.swift */; };
		71EA4AEC29123F890096B428 /* HomeController.swift in Sources */ = {isa = PBXBuildFile; fileRef = 71EA4AEB29123F890096B428 /* HomeController.swift */; };
		71EA4AEF291241170096B428 /* AuthHeaderView.swift in Sources */ = {isa = PBXBuildFile; fileRef = 71EA4AEE291241170096B428 /* AuthHeaderView.swift */; };
		71EA4AF129124FF40096B428 /* CustomTextField.swift in Sources */ = {isa = PBXBuildFile; fileRef = 71EA4AF029124FF40096B428 /* CustomTextField.swift */; };
/* End PBXBuildFile section */

/* Begin PBXFileReference section */
		711B8885291B70C700247A22 /* AlertManager .swift */ = {isa = PBXFileReference; lastKnownFileType = sourcecode.swift; path = "AlertManager .swift"; sourceTree = "<group>"; };
		711B8887291B7BF500247A22 /* GoogleService-Info.plist */ = {isa = PBXFileReference; fileEncoding = 4; lastKnownFileType = text.plist.xml; path = "GoogleService-Info.plist"; sourceTree = "<group>"; };
		71B0A4672912AA160018982C /* CustomButton.swift */ = {isa = PBXFileReference; lastKnownFileType = sourcecode.swift; path = CustomButton.swift; sourceTree = "<group>"; };
		71EA4ACD29123BDC0096B428 /* Login-System.app */ = {isa = PBXFileReference; explicitFileType = wrapper.application; includeInIndex = 0; path = "Login-System.app"; sourceTree = BUILT_PRODUCTS_DIR; };
		71EA4AD029123BDC0096B428 /* AppDelegate.swift */ = {isa = PBXFileReference; lastKnownFileType = sourcecode.swift; path = AppDelegate.swift; sourceTree = "<group>"; };
		71EA4AD229123BDC0096B428 /* SceneDelegate.swift */ = {isa = PBXFileReference; lastKnownFileType = sourcecode.swift; path = SceneDelegate.swift; sourceTree = "<group>"; };
		71EA4AD929123BDD0096B428 /* Assets.xcassets */ = {isa = PBXFileReference; lastKnownFileType = folder.assetcatalog; path = Assets.xcassets; sourceTree = "<group>"; };
		71EA4ADC29123BDD0096B428 /* Base */ = {isa = PBXFileReference; lastKnownFileType = file.storyboard; name = Base; path = Base.lproj/LaunchScreen.storyboard; sourceTree = "<group>"; };
		71EA4ADE29123BDD0096B428 /* Info.plist */ = {isa = PBXFileReference; lastKnownFileType = text.plist.xml; path = Info.plist; sourceTree = "<group>"; };
		71EA4AE529123F1F0096B428 /* ForgotPasswordController.swift */ = {isa = PBXFileReference; lastKnownFileType = sourcecode.swift; path = ForgotPasswordController.swift; sourceTree = "<group>"; };
		71EA4AE729123F3B0096B428 /* LoginController.swift */ = {isa = PBXFileReference; lastKnownFileType = sourcecode.swift; path = LoginController.swift; sourceTree = "<group>"; };
		71EA4AE929123F690096B428 /* RegisterController.swift */ = {isa = PBXFileReference; lastKnownFileType = sourcecode.swift; path = RegisterController.swift; sourceTree = "<group>"; };
		71EA4AEB29123F890096B428 /* HomeController.swift */ = {isa = PBXFileReference; lastKnownFileType = sourcecode.swift; path = HomeController.swift; sourceTree = "<group>"; };
		71EA4AEE291241170096B428 /* AuthHeaderView.swift */ = {isa = PBXFileReference; lastKnownFileType = sourcecode.swift; path = AuthHeaderView.swift; sourceTree = "<group>"; };
		71EA4AF029124FF40096B428 /* CustomTextField.swift */ = {isa = PBXFileReference; lastKnownFileType = sourcecode.swift; path = CustomTextField.swift; sourceTree = "<group>"; };
		838A489254F40B2249EE39CA /* Pods_Login_System.framework */ = {isa = PBXFileReference; explicitFileType = wrapper.framework; includeInIndex = 0; path = Pods_Login_System.framework; sourceTree = BUILT_PRODUCTS_DIR; };
		C519C84451637A3B21771C57 /* Pods-Login-System.release.xcconfig */ = {isa = PBXFileReference; includeInIndex = 1; lastKnownFileType = text.xcconfig; name = "Pods-Login-System.release.xcconfig"; path = "Target Support Files/Pods-Login-System/Pods-Login-System.release.xcconfig"; sourceTree = "<group>"; };
		F9C25307D0813DFC02D2CCA7 /* Pods-Login-System.debug.xcconfig */ = {isa = PBXFileReference; includeInIndex = 1; lastKnownFileType = text.xcconfig; name = "Pods-Login-System.debug.xcconfig"; path = "Target Support Files/Pods-Login-System/Pods-Login-System.debug.xcconfig"; sourceTree = "<group>"; };
/* End PBXFileReference section */

/* Begin PBXFrameworksBuildPhase section */
		71EA4ACA29123BDC0096B428 /* Frameworks */ = {
			isa = PBXFrameworksBuildPhase;
			buildActionMask = 2147483647;
			files = (
				0CA87EE0C2302921245D1485 /* Pods_Login_System.framework in Frameworks */,
			);
			runOnlyForDeploymentPostprocessing = 0;
		};
/* End PBXFrameworksBuildPhase section */

/* Begin PBXGroup section */
		711B8884291B70A400247A22 /* Controllers  */ = {
			isa = PBXGroup;
			children = (
				71EA4AEB29123F890096B428 /* HomeController.swift */,
				71EA4AE729123F3B0096B428 /* LoginController.swift */,
				71EA4AE929123F690096B428 /* RegisterController.swift */,
				71EA4AE529123F1F0096B428 /* ForgotPasswordController.swift */,
			);
			path = "Controllers ";
			sourceTree = "<group>";
		};
		71EA4AC429123BDC0096B428 = {
			isa = PBXGroup;
			children = (
				71EA4ACF29123BDC0096B428 /* Login-System */,
				71EA4ACE29123BDC0096B428 /* Products */,
				7761B604D667B243618BA995 /* Pods */,
				BD8431427739B2B38181F58A /* Frameworks */,
			);
			sourceTree = "<group>";
		};
		71EA4ACE29123BDC0096B428 /* Products */ = {
			isa = PBXGroup;
			children = (
				71EA4ACD29123BDC0096B428 /* Login-System.app */,
			);
			name = Products;
			sourceTree = "<group>";
		};
		71EA4ACF29123BDC0096B428 /* Login-System */ = {
			isa = PBXGroup;
			children = (
				711B8885291B70C700247A22 /* AlertManager .swift */,
				711B8884291B70A400247A22 /* Controllers  */,
				71EA4AED291240EA0096B428 /* Views */,
				71EA4AE429123EAB0096B428 /* Supporting  */,
				71EA4ADE29123BDD0096B428 /* Info.plist */,
			);
			path = "Login-System";
			sourceTree = "<group>";
		};
		71EA4AE429123EAB0096B428 /* Supporting  */ = {
			isa = PBXGroup;
			children = (
				71EA4AD029123BDC0096B428 /* AppDelegate.swift */,
				71EA4AD229123BDC0096B428 /* SceneDelegate.swift */,
				71EA4AD929123BDD0096B428 /* Assets.xcassets */,
				711B8887291B7BF500247A22 /* GoogleService-Info.plist */,
				71EA4ADB29123BDD0096B428 /* LaunchScreen.storyboard */,
			);
			path = "Supporting ";
			sourceTree = "<group>";
		};
		71EA4AED291240EA0096B428 /* Views */ = {
			isa = PBXGroup;
			children = (
				71EA4AEE291241170096B428 /* AuthHeaderView.swift */,
				71EA4AF029124FF40096B428 /* CustomTextField.swift */,
				71B0A4672912AA160018982C /* CustomButton.swift */,
			);
			path = Views;
			sourceTree = "<group>";
		};
		7761B604D667B243618BA995 /* Pods */ = {
			isa = PBXGroup;
			children = (
				F9C25307D0813DFC02D2CCA7 /* Pods-Login-System.debug.xcconfig */,
				C519C84451637A3B21771C57 /* Pods-Login-System.release.xcconfig */,
			);
			name = Pods;
			path = Pods;
			sourceTree = "<group>";
		};
		BD8431427739B2B38181F58A /* Frameworks */ = {
			isa = PBXGroup;
			children = (
				838A489254F40B2249EE39CA /* Pods_Login_System.framework */,
			);
			name = Frameworks;
			sourceTree = "<group>";
		};
/* End PBXGroup section */

/* Begin PBXNativeTarget section */
		71EA4ACC29123BDC0096B428 /* Login-System */ = {
			isa = PBXNativeTarget;
			buildConfigurationList = 71EA4AE129123BDD0096B428 /* Build configuration list for PBXNativeTarget "Login-System" */;
			buildPhases = (
				266A61C5A375C17BA4DBE850 /* [CP] Check Pods Manifest.lock */,
				71EA4AC929123BDC0096B428 /* Sources */,
				71EA4ACA29123BDC0096B428 /* Frameworks */,
				71EA4ACB29123BDC0096B428 /* Resources */,
				3C0A7867CA46BB24D94ECC4A /* [CP] Embed Pods Frameworks */,
			);
			buildRules = (
			);
			dependencies = (
			);
			name = "Login-System";
			productName = "Login-System";
			productReference = 71EA4ACD29123BDC0096B428 /* Login-System.app */;
			productType = "com.apple.product-type.application";
		};
/* End PBXNativeTarget section */

/* Begin PBXProject section */
		71EA4AC529123BDC0096B428 /* Project object */ = {
			isa = PBXProject;
			attributes = {
				BuildIndependentTargetsInParallel = 1;
				LastSwiftUpdateCheck = 1400;
				LastUpgradeCheck = 1400;
				TargetAttributes = {
					71EA4ACC29123BDC0096B428 = {
						CreatedOnToolsVersion = 14.0.1;
					};
				};
			};
			buildConfigurationList = 71EA4AC829123BDC0096B428 /* Build configuration list for PBXProject "Login-System" */;
			compatibilityVersion = "Xcode 14.0";
			developmentRegion = en;
			hasScannedForEncodings = 0;
			knownRegions = (
				en,
				Base,
			);
			mainGroup = 71EA4AC429123BDC0096B428;
			productRefGroup = 71EA4ACE29123BDC0096B428 /* Products */;
			projectDirPath = "";
			projectRoot = "";
			targets = (
				71EA4ACC29123BDC0096B428 /* Login-System */,
			);
		};
/* End PBXProject section */

/* Begin PBXResourcesBuildPhase section */
		71EA4ACB29123BDC0096B428 /* Resources */ = {
			isa = PBXResourcesBuildPhase;
			buildActionMask = 2147483647;
			files = (
				71EA4ADD29123BDD0096B428 /* LaunchScreen.storyboard in Resources */,
				71EA4ADA29123BDD0096B428 /* Assets.xcassets in Resources */,
				711B8888291B7BF500247A22 /* GoogleService-Info.plist in Resources */,
			);
			runOnlyForDeploymentPostprocessing = 0;
		};
/* End PBXResourcesBuildPhase section */

/* Begin PBXShellScriptBuildPhase section */
		266A61C5A375C17BA4DBE850 /* [CP] Check Pods Manifest.lock */ = {
			isa = PBXShellScriptBuildPhase;
			buildActionMask = 2147483647;
			files = (
			);
			inputFileListPaths = (
			);
			inputPaths = (
				"${PODS_PODFILE_DIR_PATH}/Podfile.lock",
				"${PODS_ROOT}/Manifest.lock",
			);
			name = "[CP] Check Pods Manifest.lock";
			outputFileListPaths = (
			);
			outputPaths = (
				"$(DERIVED_FILE_DIR)/Pods-Login-System-checkManifestLockResult.txt",
			);
			runOnlyForDeploymentPostprocessing = 0;
			shellPath = /bin/sh;
			shellScript = "diff \"${PODS_PODFILE_DIR_PATH}/Podfile.lock\" \"${PODS_ROOT}/Manifest.lock\" > /dev/null\nif [ $? != 0 ] ; then\n    # print error to STDERR\n    echo \"error: The sandbox is not in sync with the Podfile.lock. Run 'pod install' or update your CocoaPods installation.\" >&2\n    exit 1\nfi\n# This output is used by Xcode 'outputs' to avoid re-running this script phase.\necho \"SUCCESS\" > \"${SCRIPT_OUTPUT_FILE_0}\"\n";
			showEnvVarsInLog = 0;
		};
		3C0A7867CA46BB24D94ECC4A /* [CP] Embed Pods Frameworks */ = {
			isa = PBXShellScriptBuildPhase;
			buildActionMask = 2147483647;
			files = (
			);
			inputFileListPaths = (
				"${PODS_ROOT}/Target Support Files/Pods-Login-System/Pods-Login-System-frameworks-${CONFIGURATION}-input-files.xcfilelist",
			);
			name = "[CP] Embed Pods Frameworks";
			outputFileListPaths = (
				"${PODS_ROOT}/Target Support Files/Pods-Login-System/Pods-Login-System-frameworks-${CONFIGURATION}-output-files.xcfilelist",
			);
			runOnlyForDeploymentPostprocessing = 0;
			shellPath = /bin/sh;
			shellScript = "\"${PODS_ROOT}/Target Support Files/Pods-Login-System/Pods-Login-System-frameworks.sh\"\n";
			showEnvVarsInLog = 0;
		};
/* End PBXShellScriptBuildPhase section */

/* Begin PBXSourcesBuildPhase section */
		71EA4AC929123BDC0096B428 /* Sources */ = {
			isa = PBXSourcesBuildPhase;
			buildActionMask = 2147483647;
			files = (
				71EA4AE629123F1F0096B428 /* ForgotPasswordController.swift in Sources */,
				71EA4AEC29123F890096B428 /* HomeController.swift in Sources */,
				71B0A4682912AA160018982C /* CustomButton.swift in Sources */,
				71EA4AEA29123F690096B428 /* RegisterController.swift in Sources */,
				71EA4AD129123BDC0096B428 /* AppDelegate.swift in Sources */,
				71EA4AF129124FF40096B428 /* CustomTextField.swift in Sources */,
				71EA4AD329123BDC0096B428 /* SceneDelegate.swift in Sources */,
				71EA4AE829123F3B0096B428 /* LoginController.swift in Sources */,
				71EA4AEF291241170096B428 /* AuthHeaderView.swift in Sources */,
				711B8886291B70C700247A22 /* AlertManager .swift in Sources */,
			);
			runOnlyForDeploymentPostprocessing = 0;
		};
/* End PBXSourcesBuildPhase section */

/* Begin PBXVariantGroup section */
		71EA4ADB29123BDD0096B428 /* LaunchScreen.storyboard */ = {
			isa = PBXVariantGroup;
			children = (
				71EA4ADC29123BDD0096B428 /* Base */,
			);
			name = LaunchScreen.storyboard;
			sourceTree = "<group>";
		};
/* End PBXVariantGroup section */

/* Begin XCBuildConfiguration section */
		71EA4ADF29123BDD0096B428 /* Debug */ = {
			isa = XCBuildConfiguration;
			buildSettings = {
				ALWAYS_SEARCH_USER_PATHS = NO;
				CLANG_ANALYZER_NONNULL = YES;
				CLANG_ANALYZER_NUMBER_OBJECT_CONVERSION = YES_AGGRESSIVE;
				CLANG_CXX_LANGUAGE_STANDARD = "gnu++20";
				CLANG_ENABLE_MODULES = YES;
				CLANG_ENABLE_OBJC_ARC = YES;
				CLANG_ENABLE_OBJC_WEAK = YES;
				CLANG_WARN_BLOCK_CAPTURE_AUTORELEASING = YES;
				CLANG_WARN_BOOL_CONVERSION = YES;
				CLANG_WARN_COMMA = YES;
				CLANG_WARN_CONSTANT_CONVERSION = YES;
				CLANG_WARN_DEPRECATED_OBJC_IMPLEMENTATIONS = YES;
				CLANG_WARN_DIRECT_OBJC_ISA_USAGE = YES_ERROR;
				CLANG_WARN_DOCUMENTATION_COMMENTS = YES;
				CLANG_WARN_EMPTY_BODY = YES;
				CLANG_WARN_ENUM_CONVERSION = YES;
				CLANG_WARN_INFINITE_RECURSION = YES;
				CLANG_WARN_INT_CONVERSION = YES;
				CLANG_WARN_NON_LITERAL_NULL_CONVERSION = YES;
				CLANG_WARN_OBJC_IMPLICIT_RETAIN_SELF = YES;
				CLANG_WARN_OBJC_LITERAL_CONVERSION = YES;
				CLANG_WARN_OBJC_ROOT_CLASS = YES_ERROR;
				CLANG_WARN_QUOTED_INCLUDE_IN_FRAMEWORK_HEADER = YES;
				CLANG_WARN_RANGE_LOOP_ANALYSIS = YES;
				CLANG_WARN_STRICT_PROTOTYPES = YES;
				CLANG_WARN_SUSPICIOUS_MOVE = YES;
				CLANG_WARN_UNGUARDED_AVAILABILITY = YES_AGGRESSIVE;
				CLANG_WARN_UNREACHABLE_CODE = YES;
				CLANG_WARN__DUPLICATE_METHOD_MATCH = YES;
				COPY_PHASE_STRIP = NO;
				DEBUG_INFORMATION_FORMAT = dwarf;
				ENABLE_STRICT_OBJC_MSGSEND = YES;
				ENABLE_TESTABILITY = YES;
				GCC_C_LANGUAGE_STANDARD = gnu11;
				GCC_DYNAMIC_NO_PIC = NO;
				GCC_NO_COMMON_BLOCKS = YES;
				GCC_OPTIMIZATION_LEVEL = 0;
				GCC_PREPROCESSOR_DEFINITIONS = (
					"DEBUG=1",
					"$(inherited)",
				);
				GCC_WARN_64_TO_32_BIT_CONVERSION = YES;
				GCC_WARN_ABOUT_RETURN_TYPE = YES_ERROR;
				GCC_WARN_UNDECLARED_SELECTOR = YES;
				GCC_WARN_UNINITIALIZED_AUTOS = YES_AGGRESSIVE;
				GCC_WARN_UNUSED_FUNCTION = YES;
				GCC_WARN_UNUSED_VARIABLE = YES;
				IPHONEOS_DEPLOYMENT_TARGET = 15.2;
				MTL_ENABLE_DEBUG_INFO = INCLUDE_SOURCE;
				MTL_FAST_MATH = YES;
				ONLY_ACTIVE_ARCH = YES;
				SDKROOT = iphoneos;
				SWIFT_ACTIVE_COMPILATION_CONDITIONS = DEBUG;
				SWIFT_OPTIMIZATION_LEVEL = "-Onone";
			};
			name = Debug;
		};
		71EA4AE029123BDD0096B428 /* Release */ = {
			isa = XCBuildConfiguration;
			buildSettings = {
				ALWAYS_SEARCH_USER_PATHS = NO;
				CLANG_ANALYZER_NONNULL = YES;
				CLANG_ANALYZER_NUMBER_OBJECT_CONVERSION = YES_AGGRESSIVE;
				CLANG_CXX_LANGUAGE_STANDARD = "gnu++20";
				CLANG_ENABLE_MODULES = YES;
				CLANG_ENABLE_OBJC_ARC = YES;
				CLANG_ENABLE_OBJC_WEAK = YES;
				CLANG_WARN_BLOCK_CAPTURE_AUTORELEASING = YES;
				CLANG_WARN_BOOL_CONVERSION = YES;
				CLANG_WARN_COMMA = YES;
				CLANG_WARN_CONSTANT_CONVERSION = YES;
				CLANG_WARN_DEPRECATED_OBJC_IMPLEMENTATIONS = YES;
				CLANG_WARN_DIRECT_OBJC_ISA_USAGE = YES_ERROR;
				CLANG_WARN_DOCUMENTATION_COMMENTS = YES;
				CLANG_WARN_EMPTY_BODY = YES;
				CLANG_WARN_ENUM_CONVERSION = YES;
				CLANG_WARN_INFINITE_RECURSION = YES;
				CLANG_WARN_INT_CONVERSION = YES;
				CLANG_WARN_NON_LITERAL_NULL_CONVERSION = YES;
				CLANG_WARN_OBJC_IMPLICIT_RETAIN_SELF = YES;
				CLANG_WARN_OBJC_LITERAL_CONVERSION = YES;
				CLANG_WARN_OBJC_ROOT_CLASS = YES_ERROR;
				CLANG_WARN_QUOTED_INCLUDE_IN_FRAMEWORK_HEADER = YES;
				CLANG_WARN_RANGE_LOOP_ANALYSIS = YES;
				CLANG_WARN_STRICT_PROTOTYPES = YES;
				CLANG_WARN_SUSPICIOUS_MOVE = YES;
				CLANG_WARN_UNGUARDED_AVAILABILITY = YES_AGGRESSIVE;
				CLANG_WARN_UNREACHABLE_CODE = YES;
				CLANG_WARN__DUPLICATE_METHOD_MATCH = YES;
				COPY_PHASE_STRIP = NO;
				DEBUG_INFORMATION_FORMAT = "dwarf-with-dsym";
				ENABLE_NS_ASSERTIONS = NO;
				ENABLE_STRICT_OBJC_MSGSEND = YES;
				GCC_C_LANGUAGE_STANDARD = gnu11;
				GCC_NO_COMMON_BLOCKS = YES;
				GCC_WARN_64_TO_32_BIT_CONVERSION = YES;
				GCC_WARN_ABOUT_RETURN_TYPE = YES_ERROR;
				GCC_WARN_UNDECLARED_SELECTOR = YES;
				GCC_WARN_UNINITIALIZED_AUTOS = YES_AGGRESSIVE;
				GCC_WARN_UNUSED_FUNCTION = YES;
				GCC_WARN_UNUSED_VARIABLE = YES;
				IPHONEOS_DEPLOYMENT_TARGET = 15.2;
				MTL_ENABLE_DEBUG_INFO = NO;
				MTL_FAST_MATH = YES;
				SDKROOT = iphoneos;
				SWIFT_COMPILATION_MODE = wholemodule;
				SWIFT_OPTIMIZATION_LEVEL = "-O";
				VALIDATE_PRODUCT = YES;
			};
			name = Release;
		};
		71EA4AE229123BDD0096B428 /* Debug */ = {
			isa = XCBuildConfiguration;
			baseConfigurationReference = F9C25307D0813DFC02D2CCA7 /* Pods-Login-System.debug.xcconfig */;
			buildSettings = {
				ASSETCATALOG_COMPILER_APPICON_NAME = AppIcon;
				ASSETCATALOG_COMPILER_GLOBAL_ACCENT_COLOR_NAME = AccentColor;
				CODE_SIGN_STYLE = Automatic;
				CURRENT_PROJECT_VERSION = 1;
				DEVELOPMENT_TEAM = 253V658MGS;
				GENERATE_INFOPLIST_FILE = YES;
				INFOPLIST_FILE = "Login-System/Info.plist";
				INFOPLIST_KEY_CFBundleDisplayName = "Login-System";
				INFOPLIST_KEY_UIApplicationSupportsIndirectInputEvents = YES;
				INFOPLIST_KEY_UILaunchStoryboardName = LaunchScreen;
				INFOPLIST_KEY_UISupportedInterfaceOrientations_iPad = "UIInterfaceOrientationPortrait UIInterfaceOrientationPortraitUpsideDown UIInterfaceOrientationLandscapeLeft UIInterfaceOrientationLandscapeRight";
				INFOPLIST_KEY_UISupportedInterfaceOrientations_iPhone = "UIInterfaceOrientationPortrait UIInterfaceOrientationLandscapeLeft UIInterfaceOrientationLandscapeRight";
				IPHONEOS_DEPLOYMENT_TARGET = 15.2;
				LD_RUNPATH_SEARCH_PATHS = (
					"$(inherited)",
					"@executable_path/Frameworks",
				);
				MARKETING_VERSION = 1.0;
				PRODUCT_BUNDLE_IDENTIFIER = "akma.Login-System";
				PRODUCT_NAME = "$(TARGET_NAME)";
				SWIFT_EMIT_LOC_STRINGS = YES;
				SWIFT_VERSION = 5.0;
				TARGETED_DEVICE_FAMILY = "1,2";
			};
			name = Debug;
		};
		71EA4AE329123BDD0096B428 /* Release */ = {
			isa = XCBuildConfiguration;
			baseConfigurationReference = C519C84451637A3B21771C57 /* Pods-Login-System.release.xcconfig */;
			buildSettings = {
				ASSETCATALOG_COMPILER_APPICON_NAME = AppIcon;
				ASSETCATALOG_COMPILER_GLOBAL_ACCENT_COLOR_NAME = AccentColor;
				CODE_SIGN_STYLE = Automatic;
				CURRENT_PROJECT_VERSION = 1;
				DEVELOPMENT_TEAM = 253V658MGS;
				GENERATE_INFOPLIST_FILE = YES;
				INFOPLIST_FILE = "Login-System/Info.plist";
				INFOPLIST_KEY_CFBundleDisplayName = "Login-System";
				INFOPLIST_KEY_UIApplicationSupportsIndirectInputEvents = YES;
				INFOPLIST_KEY_UILaunchStoryboardName = LaunchScreen;
				INFOPLIST_KEY_UISupportedInterfaceOrientations_iPad = "UIInterfaceOrientationPortrait UIInterfaceOrientationPortraitUpsideDown UIInterfaceOrientationLandscapeLeft UIInterfaceOrientationLandscapeRight";
				INFOPLIST_KEY_UISupportedInterfaceOrientations_iPhone = "UIInterfaceOrientationPortrait UIInterfaceOrientationLandscapeLeft UIInterfaceOrientationLandscapeRight";
				IPHONEOS_DEPLOYMENT_TARGET = 15.2;
				LD_RUNPATH_SEARCH_PATHS = (
					"$(inherited)",
					"@executable_path/Frameworks",
				);
				MARKETING_VERSION = 1.0;
				PRODUCT_BUNDLE_IDENTIFIER = "akma.Login-System";
				PRODUCT_NAME = "$(TARGET_NAME)";
				SWIFT_EMIT_LOC_STRINGS = YES;
				SWIFT_VERSION = 5.0;
				TARGETED_DEVICE_FAMILY = "1,2";
			};
			name = Release;
		};
/* End XCBuildConfiguration section */

/* Begin XCConfigurationList section */
		71EA4AC829123BDC0096B428 /* Build configuration list for PBXProject "Login-System" */ = {
			isa = XCConfigurationList;
			buildConfigurations = (
				71EA4ADF29123BDD0096B428 /* Debug */,
				71EA4AE029123BDD0096B428 /* Release */,
			);
			defaultConfigurationIsVisible = 0;
			defaultConfigurationName = Release;
		};
		71EA4AE129123BDD0096B428 /* Build configuration list for PBXNativeTarget "Login-System" */ = {
			isa = XCConfigurationList;
			buildConfigurations = (
				71EA4AE229123BDD0096B428 /* Debug */,
				71EA4AE329123BDD0096B428 /* Release */,
			);
			defaultConfigurationIsVisible = 0;
			defaultConfigurationName = Release;
		};
/* End XCConfigurationList section */
	};
	rootObject = 71EA4AC529123BDC0096B428 /* Project object */;
}
